// !$*UTF8*$!
{
	archiveVersion = 1;
	classes = {
	};
	objectVersion = 50;
	objects = {

/* Begin PBXBuildFile section */
		189AFB3E2478A3C4001CBC78 /* AppDelegate.swift in Sources */ = {isa = PBXBuildFile; fileRef = 189AFB3D2478A3C4001CBC78 /* AppDelegate.swift */; };
		189AFB402478A3C4001CBC78 /* SceneDelegate.swift in Sources */ = {isa = PBXBuildFile; fileRef = 189AFB3F2478A3C4001CBC78 /* SceneDelegate.swift */; };
		189AFB422478A3C4001CBC78 /* ViewController.swift in Sources */ = {isa = PBXBuildFile; fileRef = 189AFB412478A3C4001CBC78 /* ViewController.swift */; };
		189AFB452478A3C4001CBC78 /* Main.storyboard in Resources */ = {isa = PBXBuildFile; fileRef = 189AFB432478A3C4001CBC78 /* Main.storyboard */; };
		189AFB472478A3C7001CBC78 /* Assets.xcassets in Resources */ = {isa = PBXBuildFile; fileRef = 189AFB462478A3C7001CBC78 /* Assets.xcassets */; };
		189AFB4A2478A3C7001CBC78 /* LaunchScreen.storyboard in Resources */ = {isa = PBXBuildFile; fileRef = 189AFB482478A3C7001CBC78 /* LaunchScreen.storyboard */; };
		189AFB522478A46B001CBC78 /* Services.swift in Sources */ = {isa = PBXBuildFile; fileRef = 189AFB512478A46B001CBC78 /* Services.swift */; };
		189AFB542478AF44001CBC78 /* DataModel.swift in Sources */ = {isa = PBXBuildFile; fileRef = 189AFB532478AF44001CBC78 /* DataModel.swift */; };
		189AFB70247931C4001CBC78 /* Montserrat-LightItalic.ttf in Resources */ = {isa = PBXBuildFile; fileRef = 189AFB5D247931C3001CBC78 /* Montserrat-LightItalic.ttf */; };
		189AFB71247931C4001CBC78 /* Montserrat-BoldItalic.ttf in Resources */ = {isa = PBXBuildFile; fileRef = 189AFB5E247931C3001CBC78 /* Montserrat-BoldItalic.ttf */; };
		189AFB72247931C4001CBC78 /* Montserrat-SemiBold.ttf in Resources */ = {isa = PBXBuildFile; fileRef = 189AFB5F247931C3001CBC78 /* Montserrat-SemiBold.ttf */; };
		189AFB73247931C4001CBC78 /* Montserrat-Thin.ttf in Resources */ = {isa = PBXBuildFile; fileRef = 189AFB60247931C3001CBC78 /* Montserrat-Thin.ttf */; };
		189AFB74247931C4001CBC78 /* Montserrat-ThinItalic.ttf in Resources */ = {isa = PBXBuildFile; fileRef = 189AFB61247931C3001CBC78 /* Montserrat-ThinItalic.ttf */; };
		189AFB75247931C4001CBC78 /* Montserrat-Medium.ttf in Resources */ = {isa = PBXBuildFile; fileRef = 189AFB62247931C3001CBC78 /* Montserrat-Medium.ttf */; };
		189AFB76247931C4001CBC78 /* Montserrat-Black.ttf in Resources */ = {isa = PBXBuildFile; fileRef = 189AFB63247931C3001CBC78 /* Montserrat-Black.ttf */; };
		189AFB77247931C4001CBC78 /* Montserrat-ExtraBoldItalic.ttf in Resources */ = {isa = PBXBuildFile; fileRef = 189AFB64247931C3001CBC78 /* Montserrat-ExtraBoldItalic.ttf */; };
		189AFB78247931C4001CBC78 /* Montserrat-ExtraLight.ttf in Resources */ = {isa = PBXBuildFile; fileRef = 189AFB65247931C3001CBC78 /* Montserrat-ExtraLight.ttf */; };
		189AFB79247931C4001CBC78 /* Montserrat-ExtraBold.ttf in Resources */ = {isa = PBXBuildFile; fileRef = 189AFB66247931C3001CBC78 /* Montserrat-ExtraBold.ttf */; };
		189AFB7A247931C4001CBC78 /* Montserrat-Bold.ttf in Resources */ = {isa = PBXBuildFile; fileRef = 189AFB67247931C3001CBC78 /* Montserrat-Bold.ttf */; };
		189AFB7B247931C4001CBC78 /* Montserrat-Italic.ttf in Resources */ = {isa = PBXBuildFile; fileRef = 189AFB68247931C4001CBC78 /* Montserrat-Italic.ttf */; };
		189AFB7C247931C4001CBC78 /* Montserrat-MediumItalic.ttf in Resources */ = {isa = PBXBuildFile; fileRef = 189AFB69247931C4001CBC78 /* Montserrat-MediumItalic.ttf */; };
		189AFB7D247931C4001CBC78 /* Montserrat-BlackItalic.ttf in Resources */ = {isa = PBXBuildFile; fileRef = 189AFB6A247931C4001CBC78 /* Montserrat-BlackItalic.ttf */; };
		189AFB7E247931C4001CBC78 /* Montserrat-SemiBoldItalic.ttf in Resources */ = {isa = PBXBuildFile; fileRef = 189AFB6B247931C4001CBC78 /* Montserrat-SemiBoldItalic.ttf */; };
		189AFB80247931C4001CBC78 /* Montserrat-ExtraLightItalic.ttf in Resources */ = {isa = PBXBuildFile; fileRef = 189AFB6D247931C4001CBC78 /* Montserrat-ExtraLightItalic.ttf */; };
		189AFB81247931C4001CBC78 /* Montserrat-Light.ttf in Resources */ = {isa = PBXBuildFile; fileRef = 189AFB6E247931C4001CBC78 /* Montserrat-Light.ttf */; };
		189AFB82247931C4001CBC78 /* Montserrat-Regular.ttf in Resources */ = {isa = PBXBuildFile; fileRef = 189AFB6F247931C4001CBC78 /* Montserrat-Regular.ttf */; };
		189AFB8524797488001CBC78 /* CategoryCell.swift in Sources */ = {isa = PBXBuildFile; fileRef = 189AFB8424797488001CBC78 /* CategoryCell.swift */; };
/* End PBXBuildFile section */

/* Begin PBXFileReference section */
		189AFB3A2478A3C4001CBC78 /* IgSolPOC.app */ = {isa = PBXFileReference; explicitFileType = wrapper.application; includeInIndex = 0; path = IgSolPOC.app; sourceTree = BUILT_PRODUCTS_DIR; };
		189AFB3D2478A3C4001CBC78 /* AppDelegate.swift */ = {isa = PBXFileReference; lastKnownFileType = sourcecode.swift; path = AppDelegate.swift; sourceTree = "<group>"; };
		189AFB3F2478A3C4001CBC78 /* SceneDelegate.swift */ = {isa = PBXFileReference; lastKnownFileType = sourcecode.swift; path = SceneDelegate.swift; sourceTree = "<group>"; };
		189AFB412478A3C4001CBC78 /* ViewController.swift */ = {isa = PBXFileReference; lastKnownFileType = sourcecode.swift; path = ViewController.swift; sourceTree = "<group>"; };
		189AFB442478A3C4001CBC78 /* Base */ = {isa = PBXFileReference; lastKnownFileType = file.storyboard; name = Base; path = Base.lproj/Main.storyboard; sourceTree = "<group>"; };
		189AFB462478A3C7001CBC78 /* Assets.xcassets */ = {isa = PBXFileReference; lastKnownFileType = folder.assetcatalog; path = Assets.xcassets; sourceTree = "<group>"; };
		189AFB492478A3C7001CBC78 /* Base */ = {isa = PBXFileReference; lastKnownFileType = file.storyboard; name = Base; path = Base.lproj/LaunchScreen.storyboard; sourceTree = "<group>"; };
		189AFB4B2478A3C7001CBC78 /* Info.plist */ = {isa = PBXFileReference; lastKnownFileType = text.plist.xml; path = Info.plist; sourceTree = "<group>"; };
		189AFB512478A46B001CBC78 /* Services.swift */ = {isa = PBXFileReference; lastKnownFileType = sourcecode.swift; path = Services.swift; sourceTree = "<group>"; };
		189AFB532478AF44001CBC78 /* DataModel.swift */ = {isa = PBXFileReference; lastKnownFileType = sourcecode.swift; path = DataModel.swift; sourceTree = "<group>"; };
		189AFB5D247931C3001CBC78 /* Montserrat-LightItalic.ttf */ = {isa = PBXFileReference; lastKnownFileType = file; name = "Montserrat-LightItalic.ttf"; path = "Fonts/Montserrat-LightItalic.ttf"; sourceTree = SOURCE_ROOT; };
		189AFB5E247931C3001CBC78 /* Montserrat-BoldItalic.ttf */ = {isa = PBXFileReference; lastKnownFileType = file; name = "Montserrat-BoldItalic.ttf"; path = "Fonts/Montserrat-BoldItalic.ttf"; sourceTree = SOURCE_ROOT; };
		189AFB5F247931C3001CBC78 /* Montserrat-SemiBold.ttf */ = {isa = PBXFileReference; lastKnownFileType = file; name = "Montserrat-SemiBold.ttf"; path = "Fonts/Montserrat-SemiBold.ttf"; sourceTree = SOURCE_ROOT; };
		189AFB60247931C3001CBC78 /* Montserrat-Thin.ttf */ = {isa = PBXFileReference; lastKnownFileType = file; name = "Montserrat-Thin.ttf"; path = "Fonts/Montserrat-Thin.ttf"; sourceTree = SOURCE_ROOT; };
		189AFB61247931C3001CBC78 /* Montserrat-ThinItalic.ttf */ = {isa = PBXFileReference; lastKnownFileType = file; name = "Montserrat-ThinItalic.ttf"; path = "Fonts/Montserrat-ThinItalic.ttf"; sourceTree = SOURCE_ROOT; };
		189AFB62247931C3001CBC78 /* Montserrat-Medium.ttf */ = {isa = PBXFileReference; lastKnownFileType = file; name = "Montserrat-Medium.ttf"; path = "Fonts/Montserrat-Medium.ttf"; sourceTree = SOURCE_ROOT; };
		189AFB63247931C3001CBC78 /* Montserrat-Black.ttf */ = {isa = PBXFileReference; lastKnownFileType = file; name = "Montserrat-Black.ttf"; path = "Fonts/Montserrat-Black.ttf"; sourceTree = SOURCE_ROOT; };
		189AFB64247931C3001CBC78 /* Montserrat-ExtraBoldItalic.ttf */ = {isa = PBXFileReference; lastKnownFileType = file; name = "Montserrat-ExtraBoldItalic.ttf"; path = "Fonts/Montserrat-ExtraBoldItalic.ttf"; sourceTree = SOURCE_ROOT; };
		189AFB65247931C3001CBC78 /* Montserrat-ExtraLight.ttf */ = {isa = PBXFileReference; lastKnownFileType = file; name = "Montserrat-ExtraLight.ttf"; path = "Fonts/Montserrat-ExtraLight.ttf"; sourceTree = SOURCE_ROOT; };
		189AFB66247931C3001CBC78 /* Montserrat-ExtraBold.ttf */ = {isa = PBXFileReference; lastKnownFileType = file; name = "Montserrat-ExtraBold.ttf"; path = "Fonts/Montserrat-ExtraBold.ttf"; sourceTree = SOURCE_ROOT; };
		189AFB67247931C3001CBC78 /* Montserrat-Bold.ttf */ = {isa = PBXFileReference; lastKnownFileType = file; name = "Montserrat-Bold.ttf"; path = "Fonts/Montserrat-Bold.ttf"; sourceTree = SOURCE_ROOT; };
		189AFB68247931C4001CBC78 /* Montserrat-Italic.ttf */ = {isa = PBXFileReference; lastKnownFileType = file; name = "Montserrat-Italic.ttf"; path = "Fonts/Montserrat-Italic.ttf"; sourceTree = SOURCE_ROOT; };
		189AFB69247931C4001CBC78 /* Montserrat-MediumItalic.ttf */ = {isa = PBXFileReference; lastKnownFileType = file; name = "Montserrat-MediumItalic.ttf"; path = "Fonts/Montserrat-MediumItalic.ttf"; sourceTree = SOURCE_ROOT; };
		189AFB6A247931C4001CBC78 /* Montserrat-BlackItalic.ttf */ = {isa = PBXFileReference; lastKnownFileType = file; name = "Montserrat-BlackItalic.ttf"; path = "Fonts/Montserrat-BlackItalic.ttf"; sourceTree = SOURCE_ROOT; };
		189AFB6B247931C4001CBC78 /* Montserrat-SemiBoldItalic.ttf */ = {isa = PBXFileReference; lastKnownFileType = file; name = "Montserrat-SemiBoldItalic.ttf"; path = "Fonts/Montserrat-SemiBoldItalic.ttf"; sourceTree = SOURCE_ROOT; };
		189AFB6D247931C4001CBC78 /* Montserrat-ExtraLightItalic.ttf */ = {isa = PBXFileReference; lastKnownFileType = file; name = "Montserrat-ExtraLightItalic.ttf"; path = "Fonts/Montserrat-ExtraLightItalic.ttf"; sourceTree = SOURCE_ROOT; };
		189AFB6E247931C4001CBC78 /* Montserrat-Light.ttf */ = {isa = PBXFileReference; lastKnownFileType = file; name = "Montserrat-Light.ttf"; path = "Fonts/Montserrat-Light.ttf"; sourceTree = SOURCE_ROOT; };
		189AFB6F247931C4001CBC78 /* Montserrat-Regular.ttf */ = {isa = PBXFileReference; lastKnownFileType = file; name = "Montserrat-Regular.ttf"; path = "Fonts/Montserrat-Regular.ttf"; sourceTree = SOURCE_ROOT; };
		189AFB8424797488001CBC78 /* CategoryCell.swift */ = {isa = PBXFileReference; lastKnownFileType = sourcecode.swift; path = CategoryCell.swift; sourceTree = "<group>"; };
/* End PBXFileReference section */

/* Begin PBXFrameworksBuildPhase section */
		189AFB372478A3C4001CBC78 /* Frameworks */ = {
			isa = PBXFrameworksBuildPhase;
			buildActionMask = 2147483647;
			files = (
			);
			runOnlyForDeploymentPostprocessing = 0;
		};
/* End PBXFrameworksBuildPhase section */

/* Begin PBXGroup section */
		189AFB312478A3C4001CBC78 = {
			isa = PBXGroup;
			children = (
				189AFB3C2478A3C4001CBC78 /* IgSolPOC */,
				189AFB3B2478A3C4001CBC78 /* Products */,
			);
			sourceTree = "<group>";
		};
		189AFB3B2478A3C4001CBC78 /* Products */ = {
			isa = PBXGroup;
			children = (
				189AFB3A2478A3C4001CBC78 /* IgSolPOC.app */,
			);
			name = Products;
			sourceTree = "<group>";
		};
		189AFB3C2478A3C4001CBC78 /* IgSolPOC */ = {
			isa = PBXGroup;
			children = (
				189AFB3D2478A3C4001CBC78 /* AppDelegate.swift */,
				189AFB3F2478A3C4001CBC78 /* SceneDelegate.swift */,
				189AFB412478A3C4001CBC78 /* ViewController.swift */,
				189AFB8424797488001CBC78 /* CategoryCell.swift */,
				189AFB432478A3C4001CBC78 /* Main.storyboard */,
				189AFB512478A46B001CBC78 /* Services.swift */,
				189AFB532478AF44001CBC78 /* DataModel.swift */,
				189AFB462478A3C7001CBC78 /* Assets.xcassets */,
				189AFB482478A3C7001CBC78 /* LaunchScreen.storyboard */,
				189AFB83247931EF001CBC78 /* Fonts */,
				189AFB4B2478A3C7001CBC78 /* Info.plist */,
			);
			path = IgSolPOC;
			sourceTree = "<group>";
		};
		189AFB83247931EF001CBC78 /* Fonts */ = {
			isa = PBXGroup;
			children = (
				189AFB63247931C3001CBC78 /* Montserrat-Black.ttf */,
				189AFB6A247931C4001CBC78 /* Montserrat-BlackItalic.ttf */,
				189AFB67247931C3001CBC78 /* Montserrat-Bold.ttf */,
				189AFB5E247931C3001CBC78 /* Montserrat-BoldItalic.ttf */,
				189AFB66247931C3001CBC78 /* Montserrat-ExtraBold.ttf */,
				189AFB64247931C3001CBC78 /* Montserrat-ExtraBoldItalic.ttf */,
				189AFB65247931C3001CBC78 /* Montserrat-ExtraLight.ttf */,
				189AFB6D247931C4001CBC78 /* Montserrat-ExtraLightItalic.ttf */,
				189AFB68247931C4001CBC78 /* Montserrat-Italic.ttf */,
				189AFB6E247931C4001CBC78 /* Montserrat-Light.ttf */,
				189AFB5D247931C3001CBC78 /* Montserrat-LightItalic.ttf */,
				189AFB62247931C3001CBC78 /* Montserrat-Medium.ttf */,
				189AFB69247931C4001CBC78 /* Montserrat-MediumItalic.ttf */,
				189AFB6F247931C4001CBC78 /* Montserrat-Regular.ttf */,
				189AFB5F247931C3001CBC78 /* Montserrat-SemiBold.ttf */,
				189AFB6B247931C4001CBC78 /* Montserrat-SemiBoldItalic.ttf */,
				189AFB60247931C3001CBC78 /* Montserrat-Thin.ttf */,
				189AFB61247931C3001CBC78 /* Montserrat-ThinItalic.ttf */,
			);
			path = Fonts;
			sourceTree = "<group>";
		};
/* End PBXGroup section */

/* Begin PBXNativeTarget section */
		189AFB392478A3C4001CBC78 /* IgSolPOC */ = {
			isa = PBXNativeTarget;
			buildConfigurationList = 189AFB4E2478A3C7001CBC78 /* Build configuration list for PBXNativeTarget "IgSolPOC" */;
			buildPhases = (
				189AFB362478A3C4001CBC78 /* Sources */,
				189AFB372478A3C4001CBC78 /* Frameworks */,
				189AFB382478A3C4001CBC78 /* Resources */,
			);
			buildRules = (
			);
			dependencies = (
			);
			name = IgSolPOC;
			productName = IgSolPOC;
			productReference = 189AFB3A2478A3C4001CBC78 /* IgSolPOC.app */;
			productType = "com.apple.product-type.application";
		};
/* End PBXNativeTarget section */

/* Begin PBXProject section */
		189AFB322478A3C4001CBC78 /* Project object */ = {
			isa = PBXProject;
			attributes = {
				LastSwiftUpdateCheck = 1130;
				LastUpgradeCheck = 1130;
				ORGANIZATIONNAME = faiz;
				TargetAttributes = {
					189AFB392478A3C4001CBC78 = {
						CreatedOnToolsVersion = 11.3;
					};
				};
			};
			buildConfigurationList = 189AFB352478A3C4001CBC78 /* Build configuration list for PBXProject "IgSolPOC" */;
			compatibilityVersion = "Xcode 9.3";
			developmentRegion = en;
			hasScannedForEncodings = 0;
			knownRegions = (
				en,
				Base,
			);
			mainGroup = 189AFB312478A3C4001CBC78;
			productRefGroup = 189AFB3B2478A3C4001CBC78 /* Products */;
			projectDirPath = "";
			projectRoot = "";
			targets = (
				189AFB392478A3C4001CBC78 /* IgSolPOC */,
			);
		};
/* End PBXProject section */

/* Begin PBXResourcesBuildPhase section */
		189AFB382478A3C4001CBC78 /* Resources */ = {
			isa = PBXResourcesBuildPhase;
			buildActionMask = 2147483647;
			files = (
				189AFB81247931C4001CBC78 /* Montserrat-Light.ttf in Resources */,
				189AFB7E247931C4001CBC78 /* Montserrat-SemiBoldItalic.ttf in Resources */,
				189AFB7B247931C4001CBC78 /* Montserrat-Italic.ttf in Resources */,
				189AFB72247931C4001CBC78 /* Montserrat-SemiBold.ttf in Resources */,
				189AFB78247931C4001CBC78 /* Montserrat-ExtraLight.ttf in Resources */,
				189AFB7D247931C4001CBC78 /* Montserrat-BlackItalic.ttf in Resources */,
				189AFB76247931C4001CBC78 /* Montserrat-Black.ttf in Resources */,
				189AFB70247931C4001CBC78 /* Montserrat-LightItalic.ttf in Resources */,
				189AFB74247931C4001CBC78 /* Montserrat-ThinItalic.ttf in Resources */,
				189AFB4A2478A3C7001CBC78 /* LaunchScreen.storyboard in Resources */,
				189AFB7A247931C4001CBC78 /* Montserrat-Bold.ttf in Resources */,
				189AFB82247931C4001CBC78 /* Montserrat-Regular.ttf in Resources */,
				189AFB472478A3C7001CBC78 /* Assets.xcassets in Resources */,
				189AFB71247931C4001CBC78 /* Montserrat-BoldItalic.ttf in Resources */,
				189AFB7C247931C4001CBC78 /* Montserrat-MediumItalic.ttf in Resources */,
				189AFB79247931C4001CBC78 /* Montserrat-ExtraBold.ttf in Resources */,
				189AFB452478A3C4001CBC78 /* Main.storyboard in Resources */,
				189AFB75247931C4001CBC78 /* Montserrat-Medium.ttf in Resources */,
				189AFB80247931C4001CBC78 /* Montserrat-ExtraLightItalic.ttf in Resources */,
				189AFB73247931C4001CBC78 /* Montserrat-Thin.ttf in Resources */,
				189AFB77247931C4001CBC78 /* Montserrat-ExtraBoldItalic.ttf in Resources */,
			);
			runOnlyForDeploymentPostprocessing = 0;
		};
/* End PBXResourcesBuildPhase section */

/* Begin PBXSourcesBuildPhase section */
		189AFB362478A3C4001CBC78 /* Sources */ = {
			isa = PBXSourcesBuildPhase;
			buildActionMask = 2147483647;
			files = (
				189AFB542478AF44001CBC78 /* DataModel.swift in Sources */,
				189AFB422478A3C4001CBC78 /* ViewController.swift in Sources */,
				189AFB522478A46B001CBC78 /* Services.swift in Sources */,
				189AFB3E2478A3C4001CBC78 /* AppDelegate.swift in Sources */,
				189AFB402478A3C4001CBC78 /* SceneDelegate.swift in Sources */,
				189AFB8524797488001CBC78 /* CategoryCell.swift in Sources */,
			);
			runOnlyForDeploymentPostprocessing = 0;
		};
/* End PBXSourcesBuildPhase section */

/* Begin PBXVariantGroup section */
		189AFB432478A3C4001CBC78 /* Main.storyboard */ = {
			isa = PBXVariantGroup;
			children = (
				189AFB442478A3C4001CBC78 /* Base */,
			);
			name = Main.storyboard;
			sourceTree = "<group>";
		};
		189AFB482478A3C7001CBC78 /* LaunchScreen.storyboard */ = {
			isa = PBXVariantGroup;
			children = (
				189AFB492478A3C7001CBC78 /* Base */,
			);
			name = LaunchScreen.storyboard;
			sourceTree = "<group>";
		};
/* End PBXVariantGroup section */

/* Begin XCBuildConfiguration section */
		189AFB4C2478A3C7001CBC78 /* Debug */ = {
			isa = XCBuildConfiguration;
			buildSettings = {
				ALWAYS_SEARCH_USER_PATHS = NO;
				CLANG_ANALYZER_NONNULL = YES;
				CLANG_ANALYZER_NUMBER_OBJECT_CONVERSION = YES_AGGRESSIVE;
				CLANG_CXX_LANGUAGE_STANDARD = "gnu++14";
				CLANG_CXX_LIBRARY = "libc++";
				CLANG_ENABLE_MODULES = YES;
				CLANG_ENABLE_OBJC_ARC = YES;
				CLANG_ENABLE_OBJC_WEAK = YES;
				CLANG_WARN_BLOCK_CAPTURE_AUTORELEASING = YES;
				CLANG_WARN_BOOL_CONVERSION = YES;
				CLANG_WARN_COMMA = YES;
				CLANG_WARN_CONSTANT_CONVERSION = YES;
				CLANG_WARN_DEPRECATED_OBJC_IMPLEMENTATIONS = YES;
				CLANG_WARN_DIRECT_OBJC_ISA_USAGE = YES_ERROR;
				CLANG_WARN_DOCUMENTATION_COMMENTS = YES;
				CLANG_WARN_EMPTY_BODY = YES;
				CLANG_WARN_ENUM_CONVERSION = YES;
				CLANG_WARN_INFINITE_RECURSION = YES;
				CLANG_WARN_INT_CONVERSION = YES;
				CLANG_WARN_NON_LITERAL_NULL_CONVERSION = YES;
				CLANG_WARN_OBJC_IMPLICIT_RETAIN_SELF = YES;
				CLANG_WARN_OBJC_LITERAL_CONVERSION = YES;
				CLANG_WARN_OBJC_ROOT_CLASS = YES_ERROR;
				CLANG_WARN_RANGE_LOOP_ANALYSIS = YES;
				CLANG_WARN_STRICT_PROTOTYPES = YES;
				CLANG_WARN_SUSPICIOUS_MOVE = YES;
				CLANG_WARN_UNGUARDED_AVAILABILITY = YES_AGGRESSIVE;
				CLANG_WARN_UNREACHABLE_CODE = YES;
				CLANG_WARN__DUPLICATE_METHOD_MATCH = YES;
				COPY_PHASE_STRIP = NO;
				DEBUG_INFORMATION_FORMAT = dwarf;
				ENABLE_STRICT_OBJC_MSGSEND = YES;
				ENABLE_TESTABILITY = YES;
				GCC_C_LANGUAGE_STANDARD = gnu11;
				GCC_DYNAMIC_NO_PIC = NO;
				GCC_NO_COMMON_BLOCKS = YES;
				GCC_OPTIMIZATION_LEVEL = 0;
				GCC_PREPROCESSOR_DEFINITIONS = (
					"DEBUG=1",
					"$(inherited)",
				);
				GCC_WARN_64_TO_32_BIT_CONVERSION = YES;
				GCC_WARN_ABOUT_RETURN_TYPE = YES_ERROR;
				GCC_WARN_UNDECLARED_SELECTOR = YES;
				GCC_WARN_UNINITIALIZED_AUTOS = YES_AGGRESSIVE;
				GCC_WARN_UNUSED_FUNCTION = YES;
				GCC_WARN_UNUSED_VARIABLE = YES;
				IPHONEOS_DEPLOYMENT_TARGET = 13.2;
				MTL_ENABLE_DEBUG_INFO = INCLUDE_SOURCE;
				MTL_FAST_MATH = YES;
				ONLY_ACTIVE_ARCH = YES;
				SDKROOT = iphoneos;
				SWIFT_ACTIVE_COMPILATION_CONDITIONS = DEBUG;
				SWIFT_OPTIMIZATION_LEVEL = "-Onone";
			};
			name = Debug;
		};
		189AFB4D2478A3C7001CBC78 /* Release */ = {
			isa = XCBuildConfiguration;
			buildSettings = {
				ALWAYS_SEARCH_USER_PATHS = NO;
				CLANG_ANALYZER_NONNULL = YES;
				CLANG_ANALYZER_NUMBER_OBJECT_CONVERSION = YES_AGGRESSIVE;
				CLANG_CXX_LANGUAGE_STANDARD = "gnu++14";
				CLANG_CXX_LIBRARY = "libc++";
				CLANG_ENABLE_MODULES = YES;
				CLANG_ENABLE_OBJC_ARC = YES;
				CLANG_ENABLE_OBJC_WEAK = YES;
				CLANG_WARN_BLOCK_CAPTURE_AUTORELEASING = YES;
				CLANG_WARN_BOOL_CONVERSION = YES;
				CLANG_WARN_COMMA = YES;
				CLANG_WARN_CONSTANT_CONVERSION = YES;
				CLANG_WARN_DEPRECATED_OBJC_IMPLEMENTATIONS = YES;
				CLANG_WARN_DIRECT_OBJC_ISA_USAGE = YES_ERROR;
				CLANG_WARN_DOCUMENTATION_COMMENTS = YES;
				CLANG_WARN_EMPTY_BODY = YES;
				CLANG_WARN_ENUM_CONVERSION = YES;
				CLANG_WARN_INFINITE_RECURSION = YES;
				CLANG_WARN_INT_CONVERSION = YES;
				CLANG_WARN_NON_LITERAL_NULL_CONVERSION = YES;
				CLANG_WARN_OBJC_IMPLICIT_RETAIN_SELF = YES;
				CLANG_WARN_OBJC_LITERAL_CONVERSION = YES;
				CLANG_WARN_OBJC_ROOT_CLASS = YES_ERROR;
				CLANG_WARN_RANGE_LOOP_ANALYSIS = YES;
				CLANG_WARN_STRICT_PROTOTYPES = YES;
				CLANG_WARN_SUSPICIOUS_MOVE = YES;
				CLANG_WARN_UNGUARDED_AVAILABILITY = YES_AGGRESSIVE;
				CLANG_WARN_UNREACHABLE_CODE = YES;
				CLANG_WARN__DUPLICATE_METHOD_MATCH = YES;
				COPY_PHASE_STRIP = NO;
				DEBUG_INFORMATION_FORMAT = "dwarf-with-dsym";
				ENABLE_NS_ASSERTIONS = NO;
				ENABLE_STRICT_OBJC_MSGSEND = YES;
				GCC_C_LANGUAGE_STANDARD = gnu11;
				GCC_NO_COMMON_BLOCKS = YES;
				GCC_WARN_64_TO_32_BIT_CONVERSION = YES;
				GCC_WARN_ABOUT_RETURN_TYPE = YES_ERROR;
				GCC_WARN_UNDECLARED_SELECTOR = YES;
				GCC_WARN_UNINITIALIZED_AUTOS = YES_AGGRESSIVE;
				GCC_WARN_UNUSED_FUNCTION = YES;
				GCC_WARN_UNUSED_VARIABLE = YES;
				IPHONEOS_DEPLOYMENT_TARGET = 13.2;
				MTL_ENABLE_DEBUG_INFO = NO;
				MTL_FAST_MATH = YES;
				SDKROOT = iphoneos;
				SWIFT_COMPILATION_MODE = wholemodule;
				SWIFT_OPTIMIZATION_LEVEL = "-O";
				VALIDATE_PRODUCT = YES;
			};
			name = Release;
		};
		189AFB4F2478A3C7001CBC78 /* Debug */ = {
			isa = XCBuildConfiguration;
			buildSettings = {
				ASSETCATALOG_COMPILER_APPICON_NAME = AppIcon;
				CODE_SIGN_STYLE = Automatic;
				DEVELOPMENT_TEAM = 6HN4W8V8KL;
				INFOPLIST_FILE = IgSolPOC/Info.plist;
				LD_RUNPATH_SEARCH_PATHS = (
					"$(inherited)",
					"@executable_path/Frameworks",
				);
				PRODUCT_BUNDLE_IDENTIFIER = faiz.IgSolPOC;
				PRODUCT_NAME = "$(TARGET_NAME)";
				SWIFT_VERSION = 5.0;
				TARGETED_DEVICE_FAMILY = "1,2";
			};
			name = Debug;
		};
		189AFB502478A3C7001CBC78 /* Release */ = {
			isa = XCBuildConfiguration;
			buildSettings = {
				ASSETCATALOG_COMPILER_APPICON_NAME = AppIcon;
				CODE_SIGN_STYLE = Automatic;
				DEVELOPMENT_TEAM = 6HN4W8V8KL;
				INFOPLIST_FILE = IgSolPOC/Info.plist;
				LD_RUNPATH_SEARCH_PATHS = (
					"$(inherited)",
					"@executable_path/Frameworks",
				);
				PRODUCT_BUNDLE_IDENTIFIER = faiz.IgSolPOC;
				PRODUCT_NAME = "$(TARGET_NAME)";
				SWIFT_VERSION = 5.0;
				TARGETED_DEVICE_FAMILY = "1,2";
			};
			name = Release;
		};
/* End XCBuildConfiguration section */

/* Begin XCConfigurationList section */
		189AFB352478A3C4001CBC78 /* Build configuration list for PBXProject "IgSolPOC" */ = {
			isa = XCConfigurationList;
			buildConfigurations = (
				189AFB4C2478A3C7001CBC78 /* Debug */,
				189AFB4D2478A3C7001CBC78 /* Release */,
			);
			defaultConfigurationIsVisible = 0;
			defaultConfigurationName = Release;
		};
		189AFB4E2478A3C7001CBC78 /* Build configuration list for PBXNativeTarget "IgSolPOC" */ = {
			isa = XCConfigurationList;
			buildConfigurations = (
				189AFB4F2478A3C7001CBC78 /* Debug */,
				189AFB502478A3C7001CBC78 /* Release */,
			);
			defaultConfigurationIsVisible = 0;
			defaultConfigurationName = Release;
		};
/* End XCConfigurationList section */
	};
	rootObject = 189AFB322478A3C4001CBC78 /* Project object */;
}
